
Microsoft Visual Studio Solution File, Format Version 12.00
# Visual Studio Version 16
VisualStudioVersion = 16.0.29613.14
MinimumVisualStudioVersion = 10.0.40219.1
Project("{FAE04EC0-301F-11D3-BF4B-00C04F79EFBC}") = "pizzaShop", "pizzaShop\pizzaShop.csproj", "{1348EC6B-89DA-4060-8361-13263E31175F}"
EndProject
Global
	GlobalSection(SolutionConfigurationPlatforms) = preSolution
		Debug|Any CPU = Debug|Any CPU
		Release|Any CPU = Release|Any CPU
	EndGlobalSection
	GlobalSection(ProjectConfigurationPlatforms) = postSolution
		{1348EC6B-89DA-4060-8361-13263E31175F}.Debug|Any CPU.ActiveCfg = Debug|Any CPU
		{1348EC6B-89DA-4060-8361-13263E31175F}.Debug|Any CPU.Build.0 = Debug|Any CPU
		{1348EC6B-89DA-4060-8361-13263E31175F}.Release|Any CPU.ActiveCfg = Release|Any CPU
		{1348EC6B-89DA-4060-8361-13263E31175F}.Release|Any CPU.Build.0 = Release|Any CPU
	EndGlobalSection
	GlobalSection(SolutionProperties) = preSolution
		HideSolutionNode = FALSE
	EndGlobalSection
	GlobalSection(ExtensibilityGlobals) = postSolution
		SolutionGuid = {A23C836E-40AB-46A0-8B81-4EB59F921D34}
	EndGlobalSection
EndGlobal
